
Microsoft Visual Studio Solution File, Format Version 12.00
# Visual Studio 15
VisualStudioVersion = 15.0.28307.1500
MinimumVisualStudioVersion = 10.0.40219.1
Project("{FAE04EC0-301F-11D3-BF4B-00C04F79EFBC}") = "CreditCard.Core.Service", "Application Tier\Service Layer\CreditCard.Core.Service\CreditCard.Core.Service.csproj", "{1106510B-D6F5-473E-B679-4670E7ED2132}"
EndProject
Project("{2150E333-8FDC-42A3-9474-1A3956D46DE8}") = "Service Layer", "Service Layer", "{20D3C49B-915C-4B61-8F86-10D4BA51E5DD}"
EndProject
Project("{2150E333-8FDC-42A3-9474-1A3956D46DE8}") = "Business Layer", "Business Layer", "{AC05B71F-1793-4BC8-90FC-AF9D3E672908}"
EndProject
Project("{FAE04EC0-301F-11D3-BF4B-00C04F79EFBC}") = "CreditCard.Core", "Application Tier\Business Layer\CreditCard.Core\CreditCard.Core.csproj", "{7A5F3011-CE19-4EE9-9248-3C1ABD2D9381}"
EndProject
Project("{2150E333-8FDC-42A3-9474-1A3956D46DE8}") = "Common Layer", "Common Layer", "{81BCD0BF-DBEE-41F8-A6A9-5B26D98C0F0D}"
EndProject
Project("{FAE04EC0-301F-11D3-BF4B-00C04F79EFBC}") = "CreditCard.Common.Model", "Application Tier\Common Layer\CreditCard.Common.Model\CreditCard.Common.Model.csproj", "{3E1A7E0E-8D34-4F40-BC4D-4DE98DAA33EF}"
EndProject
Project("{FAE04EC0-301F-11D3-BF4B-00C04F79EFBC}") = "CreditCard.Core.Tests", "Application Tier\Business Layer\CreditCard.Core.Tests\CreditCard.Core.Tests.csproj", "{EF18A010-4BF1-4CB0-9FD5-4F40AC5BE98C}"
EndProject
Project("{FAE04EC0-301F-11D3-BF4B-00C04F79EFBC}") = "CreditCard.Core.API", "Application Tier\Business Layer\CreditCard.Core.API\CreditCard.Core.API.csproj", "{EB741AFE-5957-48AA-A5C0-F1D5A1937994}"
EndProject
Project("{FAE04EC0-301F-11D3-BF4B-00C04F79EFBC}") = "CreditCard.Common.Ioc", "Application Tier\Common Layer\CreditCard.Common.Ioc\CreditCard.Common.Ioc.csproj", "{6F63981B-B2E9-46A3-AB31-9D1ED684DCB5}"
EndProject
Project("{2150E333-8FDC-42A3-9474-1A3956D46DE8}") = "Application Tier", "Application Tier", "{7016F803-8C30-4126-AF91-30BC1CCAC713}"
EndProject
Project("{2150E333-8FDC-42A3-9474-1A3956D46DE8}") = "Presentation Tier", "Presentation Tier", "{CB1BFB6C-F7B3-4E53-86C4-1F14BDB7E1AD}"
EndProject
Project("{9A19103F-16F7-4668-BE54-9A1E7A4F7556}") = "CreditCard.Web.UI", "Presentation Tier\CreditCard.Web.UI\CreditCard.Web.UI.csproj", "{CAF63272-928F-4856-B0D9-A97022DCA130}"
EndProject
Global
	GlobalSection(SolutionConfigurationPlatforms) = preSolution
		Debug|Any CPU = Debug|Any CPU
		Release|Any CPU = Release|Any CPU
	EndGlobalSection
	GlobalSection(ProjectConfigurationPlatforms) = postSolution
		{1106510B-D6F5-473E-B679-4670E7ED2132}.Debug|Any CPU.ActiveCfg = Debug|Any CPU
		{1106510B-D6F5-473E-B679-4670E7ED2132}.Debug|Any CPU.Build.0 = Debug|Any CPU
		{1106510B-D6F5-473E-B679-4670E7ED2132}.Release|Any CPU.ActiveCfg = Release|Any CPU
		{1106510B-D6F5-473E-B679-4670E7ED2132}.Release|Any CPU.Build.0 = Release|Any CPU
		{7A5F3011-CE19-4EE9-9248-3C1ABD2D9381}.Debug|Any CPU.ActiveCfg = Debug|Any CPU
		{7A5F3011-CE19-4EE9-9248-3C1ABD2D9381}.Debug|Any CPU.Build.0 = Debug|Any CPU
		{7A5F3011-CE19-4EE9-9248-3C1ABD2D9381}.Release|Any CPU.ActiveCfg = Release|Any CPU
		{7A5F3011-CE19-4EE9-9248-3C1ABD2D9381}.Release|Any CPU.Build.0 = Release|Any CPU
		{3E1A7E0E-8D34-4F40-BC4D-4DE98DAA33EF}.Debug|Any CPU.ActiveCfg = Debug|Any CPU
		{3E1A7E0E-8D34-4F40-BC4D-4DE98DAA33EF}.Debug|Any CPU.Build.0 = Debug|Any CPU
		{3E1A7E0E-8D34-4F40-BC4D-4DE98DAA33EF}.Release|Any CPU.ActiveCfg = Release|Any CPU
		{3E1A7E0E-8D34-4F40-BC4D-4DE98DAA33EF}.Release|Any CPU.Build.0 = Release|Any CPU
		{EF18A010-4BF1-4CB0-9FD5-4F40AC5BE98C}.Debug|Any CPU.ActiveCfg = Debug|Any CPU
		{EF18A010-4BF1-4CB0-9FD5-4F40AC5BE98C}.Debug|Any CPU.Build.0 = Debug|Any CPU
		{EF18A010-4BF1-4CB0-9FD5-4F40AC5BE98C}.Release|Any CPU.ActiveCfg = Release|Any CPU
		{EF18A010-4BF1-4CB0-9FD5-4F40AC5BE98C}.Release|Any CPU.Build.0 = Release|Any CPU
		{EB741AFE-5957-48AA-A5C0-F1D5A1937994}.Debug|Any CPU.ActiveCfg = Debug|Any CPU
		{EB741AFE-5957-48AA-A5C0-F1D5A1937994}.Debug|Any CPU.Build.0 = Debug|Any CPU
		{EB741AFE-5957-48AA-A5C0-F1D5A1937994}.Release|Any CPU.ActiveCfg = Release|Any CPU
		{EB741AFE-5957-48AA-A5C0-F1D5A1937994}.Release|Any CPU.Build.0 = Release|Any CPU
		{6F63981B-B2E9-46A3-AB31-9D1ED684DCB5}.Debug|Any CPU.ActiveCfg = Debug|Any CPU
		{6F63981B-B2E9-46A3-AB31-9D1ED684DCB5}.Debug|Any CPU.Build.0 = Debug|Any CPU
		{6F63981B-B2E9-46A3-AB31-9D1ED684DCB5}.Release|Any CPU.ActiveCfg = Release|Any CPU
		{6F63981B-B2E9-46A3-AB31-9D1ED684DCB5}.Release|Any CPU.Build.0 = Release|Any CPU
		{CAF63272-928F-4856-B0D9-A97022DCA130}.Debug|Any CPU.ActiveCfg = Debug|Any CPU
		{CAF63272-928F-4856-B0D9-A97022DCA130}.Debug|Any CPU.Build.0 = Debug|Any CPU
		{CAF63272-928F-4856-B0D9-A97022DCA130}.Release|Any CPU.ActiveCfg = Release|Any CPU
		{CAF63272-928F-4856-B0D9-A97022DCA130}.Release|Any CPU.Build.0 = Release|Any CPU
	EndGlobalSection
	GlobalSection(SolutionProperties) = preSolution
		HideSolutionNode = FALSE
	EndGlobalSection
	GlobalSection(NestedProjects) = preSolution
		{1106510B-D6F5-473E-B679-4670E7ED2132} = {20D3C49B-915C-4B61-8F86-10D4BA51E5DD}
		{20D3C49B-915C-4B61-8F86-10D4BA51E5DD} = {7016F803-8C30-4126-AF91-30BC1CCAC713}
		{AC05B71F-1793-4BC8-90FC-AF9D3E672908} = {7016F803-8C30-4126-AF91-30BC1CCAC713}
		{7A5F3011-CE19-4EE9-9248-3C1ABD2D9381} = {AC05B71F-1793-4BC8-90FC-AF9D3E672908}
		{81BCD0BF-DBEE-41F8-A6A9-5B26D98C0F0D} = {7016F803-8C30-4126-AF91-30BC1CCAC713}
		{3E1A7E0E-8D34-4F40-BC4D-4DE98DAA33EF} = {81BCD0BF-DBEE-41F8-A6A9-5B26D98C0F0D}
		{EF18A010-4BF1-4CB0-9FD5-4F40AC5BE98C} = {AC05B71F-1793-4BC8-90FC-AF9D3E672908}
		{EB741AFE-5957-48AA-A5C0-F1D5A1937994} = {AC05B71F-1793-4BC8-90FC-AF9D3E672908}
		{6F63981B-B2E9-46A3-AB31-9D1ED684DCB5} = {81BCD0BF-DBEE-41F8-A6A9-5B26D98C0F0D}
		{CAF63272-928F-4856-B0D9-A97022DCA130} = {CB1BFB6C-F7B3-4E53-86C4-1F14BDB7E1AD}
	EndGlobalSection
	GlobalSection(ExtensibilityGlobals) = postSolution
		SolutionGuid = {82AA4D92-E843-44DF-8634-700DEBB167ED}
	EndGlobalSection
EndGlobal
